
Microsoft Visual Studio Solution File, Format Version 12.00
# Visual Studio 16
VisualStudioVersion = 16.0.0.0
MinimumVisualStudioVersion = 16.0.0.0
Project("{FAE04EC0-301F-11D3-BF4B-00C04F79EFBC}") = "MyGame.Windows", "MyGame.Windows\MyGame.Windows.csproj", "{FACCC285-0E92-481E-A7AF-2409BE9F8866}"
EndProject
Project("{FAE04EC0-301F-11D3-BF4B-00C04F79EFBC}") = "MyGame", "MyGame\MyGame.csproj", "{685ADD73-DC81-4118-A92A-3C98DBDAB3E9}"
EndProject
Global
EndGlobal
